// !$*UTF8*$!
{
	archiveVersion = 1;
	classes = {
	};
	objectVersion = 46;
	objects = {

/* Begin PBXBuildFile section */
		612688051B7B485300F4D2AF /* AppDelegate.swift in Sources */ = {isa = PBXBuildFile; fileRef = 612688041B7B485300F4D2AF /* AppDelegate.swift */; };
		612688071B7B485300F4D2AF /* ViewController.swift in Sources */ = {isa = PBXBuildFile; fileRef = 612688061B7B485300F4D2AF /* ViewController.swift */; };
		6126880A1B7B485300F4D2AF /* Main.storyboard in Resources */ = {isa = PBXBuildFile; fileRef = 612688081B7B485300F4D2AF /* Main.storyboard */; };
		6126880C1B7B485300F4D2AF /* Assets.xcassets in Resources */ = {isa = PBXBuildFile; fileRef = 6126880B1B7B485300F4D2AF /* Assets.xcassets */; };
		612688171B7B488E00F4D2AF /* Scene.swift in Sources */ = {isa = PBXBuildFile; fileRef = 612688161B7B488E00F4D2AF /* Scene.swift */; };
		612688231B7B49CF00F4D2AF /* RSRandomPolygon.framework in Frameworks */ = {isa = PBXBuildFile; fileRef = 6126881E1B7B49BD00F4D2AF /* RSRandomPolygon.framework */; };
		612688251B7B49E200F4D2AF /* RSRandomPolygon.framework in Copy Frameworks */ = {isa = PBXBuildFile; fileRef = 6126881E1B7B49BD00F4D2AF /* RSRandomPolygon.framework */; settings = {ATTRIBUTES = (CodeSignOnCopy, RemoveHeadersOnCopy, ); }; };
/* End PBXBuildFile section */

/* Begin PBXContainerItemProxy section */
		6126881D1B7B49BD00F4D2AF /* PBXContainerItemProxy */ = {
			isa = PBXContainerItemProxy;
			containerPortal = 612688181B7B49BC00F4D2AF /* RSRandomPolygon.xcodeproj */;
			proxyType = 2;
			remoteGlobalIDString = 6190ECFD1B7B450100393954;
			remoteInfo = RSRandomPolygon;
		};
		6126881F1B7B49BD00F4D2AF /* PBXContainerItemProxy */ = {
			isa = PBXContainerItemProxy;
			containerPortal = 612688181B7B49BC00F4D2AF /* RSRandomPolygon.xcodeproj */;
			proxyType = 2;
			remoteGlobalIDString = 6190ED071B7B450100393954;
			remoteInfo = RSRandomPolygonTests;
		};
		612688211B7B49C800F4D2AF /* PBXContainerItemProxy */ = {
			isa = PBXContainerItemProxy;
			containerPortal = 612688181B7B49BC00F4D2AF /* RSRandomPolygon.xcodeproj */;
			proxyType = 1;
			remoteGlobalIDString = 6190ECFC1B7B450100393954;
			remoteInfo = RSRandomPolygon;
		};
/* End PBXContainerItemProxy section */

/* Begin PBXCopyFilesBuildPhase section */
		612688241B7B49D200F4D2AF /* Copy Frameworks */ = {
			isa = PBXCopyFilesBuildPhase;
			buildActionMask = 2147483647;
			dstPath = "";
			dstSubfolderSpec = 10;
			files = (
				612688251B7B49E200F4D2AF /* RSRandomPolygon.framework in Copy Frameworks */,
			);
			name = "Copy Frameworks";
			runOnlyForDeploymentPostprocessing = 0;
		};
/* End PBXCopyFilesBuildPhase section */

/* Begin PBXFileReference section */
		612688011B7B485300F4D2AF /* Example.app */ = {isa = PBXFileReference; explicitFileType = wrapper.application; includeInIndex = 0; path = Example.app; sourceTree = BUILT_PRODUCTS_DIR; };
		612688041B7B485300F4D2AF /* AppDelegate.swift */ = {isa = PBXFileReference; lastKnownFileType = sourcecode.swift; path = AppDelegate.swift; sourceTree = "<group>"; };
		612688061B7B485300F4D2AF /* ViewController.swift */ = {isa = PBXFileReference; lastKnownFileType = sourcecode.swift; path = ViewController.swift; sourceTree = "<group>"; };
		612688091B7B485300F4D2AF /* Base */ = {isa = PBXFileReference; lastKnownFileType = file.storyboard; name = Base; path = Base.lproj/Main.storyboard; sourceTree = "<group>"; };
		6126880B1B7B485300F4D2AF /* Assets.xcassets */ = {isa = PBXFileReference; lastKnownFileType = folder.assetcatalog; path = Assets.xcassets; sourceTree = "<group>"; };
		612688101B7B485300F4D2AF /* Info.plist */ = {isa = PBXFileReference; lastKnownFileType = text.plist.xml; path = Info.plist; sourceTree = "<group>"; };
		612688161B7B488E00F4D2AF /* Scene.swift */ = {isa = PBXFileReference; fileEncoding = 4; lastKnownFileType = sourcecode.swift; path = Scene.swift; sourceTree = "<group>"; };
		612688181B7B49BC00F4D2AF /* RSRandomPolygon.xcodeproj */ = {isa = PBXFileReference; lastKnownFileType = "wrapper.pb-project"; name = RSRandomPolygon.xcodeproj; path = ../RSRandomPolygon/RSRandomPolygon.xcodeproj; sourceTree = "<group>"; };
/* End PBXFileReference section */

/* Begin PBXFrameworksBuildPhase section */
		612687FE1B7B485300F4D2AF /* Frameworks */ = {
			isa = PBXFrameworksBuildPhase;
			buildActionMask = 2147483647;
			files = (
				612688231B7B49CF00F4D2AF /* RSRandomPolygon.framework in Frameworks */,
			);
			runOnlyForDeploymentPostprocessing = 0;
		};
/* End PBXFrameworksBuildPhase section */

/* Begin PBXGroup section */
		612687F81B7B485200F4D2AF = {
			isa = PBXGroup;
			children = (
				612688181B7B49BC00F4D2AF /* RSRandomPolygon.xcodeproj */,
				612688031B7B485300F4D2AF /* Example */,
				612688021B7B485300F4D2AF /* Products */,
			);
			sourceTree = "<group>";
		};
		612688021B7B485300F4D2AF /* Products */ = {
			isa = PBXGroup;
			children = (
				612688011B7B485300F4D2AF /* Example.app */,
			);
			name = Products;
			sourceTree = "<group>";
		};
		612688031B7B485300F4D2AF /* Example */ = {
			isa = PBXGroup;
			children = (
				612688041B7B485300F4D2AF /* AppDelegate.swift */,
				612688061B7B485300F4D2AF /* ViewController.swift */,
				612688161B7B488E00F4D2AF /* Scene.swift */,
				612688081B7B485300F4D2AF /* Main.storyboard */,
				6126880B1B7B485300F4D2AF /* Assets.xcassets */,
				612688101B7B485300F4D2AF /* Info.plist */,
			);
			path = Example;
			sourceTree = "<group>";
		};
		612688191B7B49BC00F4D2AF /* Products */ = {
			isa = PBXGroup;
			children = (
				6126881E1B7B49BD00F4D2AF /* RSRandomPolygon.framework */,
				612688201B7B49BD00F4D2AF /* RSRandomPolygonTests.xctest */,
			);
			name = Products;
			sourceTree = "<group>";
		};
/* End PBXGroup section */

/* Begin PBXNativeTarget section */
		612688001B7B485300F4D2AF /* Example */ = {
			isa = PBXNativeTarget;
			buildConfigurationList = 612688131B7B485300F4D2AF /* Build configuration list for PBXNativeTarget "Example" */;
			buildPhases = (
				612687FD1B7B485300F4D2AF /* Sources */,
				612687FE1B7B485300F4D2AF /* Frameworks */,
				612687FF1B7B485300F4D2AF /* Resources */,
				612688241B7B49D200F4D2AF /* Copy Frameworks */,
			);
			buildRules = (
			);
			dependencies = (
				612688221B7B49C800F4D2AF /* PBXTargetDependency */,
			);
			name = Example;
			productName = Example;
			productReference = 612688011B7B485300F4D2AF /* Example.app */;
			productType = "com.apple.product-type.application";
		};
/* End PBXNativeTarget section */

/* Begin PBXProject section */
		612687F91B7B485200F4D2AF /* Project object */ = {
			isa = PBXProject;
			attributes = {
				LastUpgradeCheck = 0700;
				ORGANIZATIONNAME = "Matthias Fey";
				TargetAttributes = {
					612688001B7B485300F4D2AF = {
						CreatedOnToolsVersion = 7.0;
					};
				};
			};
			buildConfigurationList = 612687FC1B7B485200F4D2AF /* Build configuration list for PBXProject "Example" */;
			compatibilityVersion = "Xcode 3.2";
			developmentRegion = English;
			hasScannedForEncodings = 0;
			knownRegions = (
				en,
				Base,
			);
			mainGroup = 612687F81B7B485200F4D2AF;
			productRefGroup = 612688021B7B485300F4D2AF /* Products */;
			projectDirPath = "";
			projectReferences = (
				{
					ProductGroup = 612688191B7B49BC00F4D2AF /* Products */;
					ProjectRef = 612688181B7B49BC00F4D2AF /* RSRandomPolygon.xcodeproj */;
				},
			);
			projectRoot = "";
			targets = (
				612688001B7B485300F4D2AF /* Example */,
			);
		};
/* End PBXProject section */

/* Begin PBXReferenceProxy section */
		6126881E1B7B49BD00F4D2AF /* RSRandomPolygon.framework */ = {
			isa = PBXReferenceProxy;
			fileType = wrapper.framework;
			path = RSRandomPolygon.framework;
			remoteRef = 6126881D1B7B49BD00F4D2AF /* PBXContainerItemProxy */;
			sourceTree = BUILT_PRODUCTS_DIR;
		};
		612688201B7B49BD00F4D2AF /* RSRandomPolygonTests.xctest */ = {
			isa = PBXReferenceProxy;
			fileType = wrapper.cfbundle;
			path = RSRandomPolygonTests.xctest;
			remoteRef = 6126881F1B7B49BD00F4D2AF /* PBXContainerItemProxy */;
			sourceTree = BUILT_PRODUCTS_DIR;
		};
/* End PBXReferenceProxy section */

/* Begin PBXResourcesBuildPhase section */
		612687FF1B7B485300F4D2AF /* Resources */ = {
			isa = PBXResourcesBuildPhase;
			buildActionMask = 2147483647;
			files = (
				6126880C1B7B485300F4D2AF /* Assets.xcassets in Resources */,
				6126880A1B7B485300F4D2AF /* Main.storyboard in Resources */,
			);
			runOnlyForDeploymentPostprocessing = 0;
		};
/* End PBXResourcesBuildPhase section */

/* Begin PBXSourcesBuildPhase section */
		612687FD1B7B485300F4D2AF /* Sources */ = {
			isa = PBXSourcesBuildPhase;
			buildActionMask = 2147483647;
			files = (
				612688071B7B485300F4D2AF /* ViewController.swift in Sources */,
				612688051B7B485300F4D2AF /* AppDelegate.swift in Sources */,
				612688171B7B488E00F4D2AF /* Scene.swift in Sources */,
			);
			runOnlyForDeploymentPostprocessing = 0;
		};
/* End PBXSourcesBuildPhase section */

/* Begin PBXTargetDependency section */
		612688221B7B49C800F4D2AF /* PBXTargetDependency */ = {
			isa = PBXTargetDependency;
			name = RSRandomPolygon;
			targetProxy = 612688211B7B49C800F4D2AF /* PBXContainerItemProxy */;
		};
/* End PBXTargetDependency section */

/* Begin PBXVariantGroup section */
		612688081B7B485300F4D2AF /* Main.storyboard */ = {
			isa = PBXVariantGroup;
			children = (
				612688091B7B485300F4D2AF /* Base */,
			);
			name = Main.storyboard;
			sourceTree = "<group>";
		};
/* End PBXVariantGroup section */

/* Begin XCBuildConfiguration section */
		612688111B7B485300F4D2AF /* Debug */ = {
			isa = XCBuildConfiguration;
			buildSettings = {
				ALWAYS_SEARCH_USER_PATHS = NO;
				CLANG_CXX_LANGUAGE_STANDARD = "gnu++0x";
				CLANG_CXX_LIBRARY = "libc++";
				CLANG_ENABLE_MODULES = YES;
				CLANG_ENABLE_OBJC_ARC = YES;
				CLANG_WARN_BOOL_CONVERSION = YES;
				CLANG_WARN_CONSTANT_CONVERSION = YES;
				CLANG_WARN_DIRECT_OBJC_ISA_USAGE = YES_ERROR;
				CLANG_WARN_EMPTY_BODY = YES;
				CLANG_WARN_ENUM_CONVERSION = YES;
				CLANG_WARN_INT_CONVERSION = YES;
				CLANG_WARN_OBJC_ROOT_CLASS = YES_ERROR;
				CLANG_WARN_UNREACHABLE_CODE = YES;
				CLANG_WARN__DUPLICATE_METHOD_MATCH = YES;
				"CODE_SIGN_IDENTITY[sdk=iphoneos*]" = "iPhone Developer";
				COPY_PHASE_STRIP = NO;
				DEBUG_INFORMATION_FORMAT = dwarf;
				ENABLE_STRICT_OBJC_MSGSEND = YES;
				ENABLE_TESTABILITY = YES;
				GCC_C_LANGUAGE_STANDARD = gnu99;
				GCC_DYNAMIC_NO_PIC = NO;
				GCC_NO_COMMON_BLOCKS = YES;
				GCC_OPTIMIZATION_LEVEL = 0;
				GCC_PREPROCESSOR_DEFINITIONS = (
					"DEBUG=1",
					"$(inherited)",
				);
				GCC_WARN_64_TO_32_BIT_CONVERSION = YES;
				GCC_WARN_ABOUT_RETURN_TYPE = YES_ERROR;
				GCC_WARN_UNDECLARED_SELECTOR = YES;
				GCC_WARN_UNINITIALIZED_AUTOS = YES_AGGRESSIVE;
				GCC_WARN_UNUSED_FUNCTION = YES;
				GCC_WARN_UNUSED_VARIABLE = YES;
				IPHONEOS_DEPLOYMENT_TARGET = 9.0;
				MTL_ENABLE_DEBUG_INFO = YES;
				ONLY_ACTIVE_ARCH = YES;
				SDKROOT = iphoneos;
				SWIFT_OPTIMIZATION_LEVEL = "-Onone";
				TARGETED_DEVICE_FAMILY = "1,2";
			};
			name = Debug;
		};
		612688121B7B485300F4D2AF /* Release */ = {
			isa = XCBuildConfiguration;
			buildSettings = {
				ALWAYS_SEARCH_USER_PATHS = NO;
				CLANG_CXX_LANGUAGE_STANDARD = "gnu++0x";
				CLANG_CXX_LIBRARY = "libc++";
				CLANG_ENABLE_MODULES = YES;
				CLANG_ENABLE_OBJC_ARC = YES;
				CLANG_WARN_BOOL_CONVERSION = YES;
				CLANG_WARN_CONSTANT_CONVERSION = YES;
				CLANG_WARN_DIRECT_OBJC_ISA_USAGE = YES_ERROR;
				CLANG_WARN_EMPTY_BODY = YES;
				CLANG_WARN_ENUM_CONVERSION = YES;
				CLANG_WARN_INT_CONVERSION = YES;
				CLANG_WARN_OBJC_ROOT_CLASS = YES_ERROR;
				CLANG_WARN_UNREACHABLE_CODE = YES;
				CLANG_WARN__DUPLICATE_METHOD_MATCH = YES;
				"CODE_SIGN_IDENTITY[sdk=iphoneos*]" = "iPhone Developer";
				COPY_PHASE_STRIP = NO;
				DEBUG_INFORMATION_FORMAT = "dwarf-with-dsym";
				ENABLE_NS_ASSERTIONS = NO;
				ENABLE_STRICT_OBJC_MSGSEND = YES;
				GCC_C_LANGUAGE_STANDARD = gnu99;
				GCC_NO_COMMON_BLOCKS = YES;
				GCC_WARN_64_TO_32_BIT_CONVERSION = YES;
				GCC_WARN_ABOUT_RETURN_TYPE = YES_ERROR;
				GCC_WARN_UNDECLARED_SELECTOR = YES;
				GCC_WARN_UNINITIALIZED_AUTOS = YES_AGGRESSIVE;
				GCC_WARN_UNUSED_FUNCTION = YES;
				GCC_WARN_UNUSED_VARIABLE = YES;
				IPHONEOS_DEPLOYMENT_TARGET = 9.0;
				MTL_ENABLE_DEBUG_INFO = NO;
				SDKROOT = iphoneos;
				TARGETED_DEVICE_FAMILY = "1,2";
				VALIDATE_PRODUCT = YES;
			};
			name = Release;
		};
		612688141B7B485300F4D2AF /* Debug */ = {
			isa = XCBuildConfiguration;
			buildSettings = {
				ASSETCATALOG_COMPILER_APPICON_NAME = AppIcon;
				INFOPLIST_FILE = Example/Info.plist;
				LD_RUNPATH_SEARCH_PATHS = "$(inherited) @executable_path/Frameworks";
				PRODUCT_BUNDLE_IDENTIFIER = rusty1s.Example;
				PRODUCT_NAME = "$(TARGET_NAME)";
				TARGETED_DEVICE_FAMILY = 1;
			};
			name = Debug;
		};
		612688151B7B485300F4D2AF /* Release */ = {
			isa = XCBuildConfiguration;
			buildSettings = {
				ASSETCATALOG_COMPILER_APPICON_NAME = AppIcon;
				INFOPLIST_FILE = Example/Info.plist;
				LD_RUNPATH_SEARCH_PATHS = "$(inherited) @executable_path/Frameworks";
				PRODUCT_BUNDLE_IDENTIFIER = rusty1s.Example;
				PRODUCT_NAME = "$(TARGET_NAME)";
				TARGETED_DEVICE_FAMILY = 1;
			};
			name = Release;
		};
/* End XCBuildConfiguration section */

/* Begin XCConfigurationList section */
		612687FC1B7B485200F4D2AF /* Build configuration list for PBXProject "Example" */ = {
			isa = XCConfigurationList;
			buildConfigurations = (
				612688111B7B485300F4D2AF /* Debug */,
				612688121B7B485300F4D2AF /* Release */,
			);
			defaultConfigurationIsVisible = 0;
			defaultConfigurationName = Release;
		};
		612688131B7B485300F4D2AF /* Build configuration list for PBXNativeTarget "Example" */ = {
			isa = XCConfigurationList;
			buildConfigurations = (
				612688141B7B485300F4D2AF /* Debug */,
				612688151B7B485300F4D2AF /* Release */,
			);
			defaultConfigurationIsVisible = 0;
			defaultConfigurationName = Release;
		};
/* End XCConfigurationList section */
	};
	rootObject = 612687F91B7B485200F4D2AF /* Project object */;
}
